
Microsoft Visual Studio Solution File, Format Version 12.00
# Visual Studio Version 17
VisualStudioVersion = 17.0.31903.59
MinimumVisualStudioVersion = 10.0.40219.1
Project("{FAE04EC0-301F-11D3-BF4B-00C04F79EFBC}") = "InteractiveStand.API", "InteractiveStand.API\InteractiveStand.API.csproj", "{0317C017-AAFF-44D7-94F8-B52FD86E6451}"
EndProject
Project("{FAE04EC0-301F-11D3-BF4B-00C04F79EFBC}") = "InteractiveStand.Domain", "InteractiveStand.Domain\InteractiveStand.Domain.csproj", "{B7C762F4-F57A-45FF-B9D2-A5CF11013AAB}"
EndProject
Project("{FAE04EC0-301F-11D3-BF4B-00C04F79EFBC}") = "InteractiveStand.Infrastructure", "InteractiveStand.Infrastructure\InteractiveStand.Infrastructure.csproj", "{4352FE76-A83D-46D9-934D-0776340A4444}"
EndProject
Project("{FAE04EC0-301F-11D3-BF4B-00C04F79EFBC}") = "InteractiveStand.Application", "InteractiveStand.Application\InteractiveStand.Application.csproj", "{2BF7A318-2380-4492-A7A8-00D346473EF0}"
EndProject
Global
	GlobalSection(SolutionConfigurationPlatforms) = preSolution
		Debug|Any CPU = Debug|Any CPU
		Debug|x64 = Debug|x64
		Debug|x86 = Debug|x86
		Release|Any CPU = Release|Any CPU
		Release|x64 = Release|x64
		Release|x86 = Release|x86
	EndGlobalSection
	GlobalSection(ProjectConfigurationPlatforms) = postSolution
		{0317C017-AAFF-44D7-94F8-B52FD86E6451}.Debug|Any CPU.ActiveCfg = Debug|Any CPU
		{0317C017-AAFF-44D7-94F8-B52FD86E6451}.Debug|Any CPU.Build.0 = Debug|Any CPU
		{0317C017-AAFF-44D7-94F8-B52FD86E6451}.Debug|x64.ActiveCfg = Debug|Any CPU
		{0317C017-AAFF-44D7-94F8-B52FD86E6451}.Debug|x64.Build.0 = Debug|Any CPU
		{0317C017-AAFF-44D7-94F8-B52FD86E6451}.Debug|x86.ActiveCfg = Debug|Any CPU
		{0317C017-AAFF-44D7-94F8-B52FD86E6451}.Debug|x86.Build.0 = Debug|Any CPU
		{0317C017-AAFF-44D7-94F8-B52FD86E6451}.Release|Any CPU.ActiveCfg = Release|Any CPU
		{0317C017-AAFF-44D7-94F8-B52FD86E6451}.Release|Any CPU.Build.0 = Release|Any CPU
		{0317C017-AAFF-44D7-94F8-B52FD86E6451}.Release|x64.ActiveCfg = Release|Any CPU
		{0317C017-AAFF-44D7-94F8-B52FD86E6451}.Release|x64.Build.0 = Release|Any CPU
		{0317C017-AAFF-44D7-94F8-B52FD86E6451}.Release|x86.ActiveCfg = Release|Any CPU
		{0317C017-AAFF-44D7-94F8-B52FD86E6451}.Release|x86.Build.0 = Release|Any CPU
		{B7C762F4-F57A-45FF-B9D2-A5CF11013AAB}.Debug|Any CPU.ActiveCfg = Debug|Any CPU
		{B7C762F4-F57A-45FF-B9D2-A5CF11013AAB}.Debug|Any CPU.Build.0 = Debug|Any CPU
		{B7C762F4-F57A-45FF-B9D2-A5CF11013AAB}.Debug|x64.ActiveCfg = Debug|Any CPU
		{B7C762F4-F57A-45FF-B9D2-A5CF11013AAB}.Debug|x64.Build.0 = Debug|Any CPU
		{B7C762F4-F57A-45FF-B9D2-A5CF11013AAB}.Debug|x86.ActiveCfg = Debug|Any CPU
		{B7C762F4-F57A-45FF-B9D2-A5CF11013AAB}.Debug|x86.Build.0 = Debug|Any CPU
		{B7C762F4-F57A-45FF-B9D2-A5CF11013AAB}.Release|Any CPU.ActiveCfg = Release|Any CPU
		{B7C762F4-F57A-45FF-B9D2-A5CF11013AAB}.Release|Any CPU.Build.0 = Release|Any CPU
		{B7C762F4-F57A-45FF-B9D2-A5CF11013AAB}.Release|x64.ActiveCfg = Release|Any CPU
		{B7C762F4-F57A-45FF-B9D2-A5CF11013AAB}.Release|x64.Build.0 = Release|Any CPU
		{B7C762F4-F57A-45FF-B9D2-A5CF11013AAB}.Release|x86.ActiveCfg = Release|Any CPU
		{B7C762F4-F57A-45FF-B9D2-A5CF11013AAB}.Release|x86.Build.0 = Release|Any CPU
		{4352FE76-A83D-46D9-934D-0776340A4444}.Debug|Any CPU.ActiveCfg = Debug|Any CPU
		{4352FE76-A83D-46D9-934D-0776340A4444}.Debug|Any CPU.Build.0 = Debug|Any CPU
		{4352FE76-A83D-46D9-934D-0776340A4444}.Debug|x64.ActiveCfg = Debug|Any CPU
		{4352FE76-A83D-46D9-934D-0776340A4444}.Debug|x64.Build.0 = Debug|Any CPU
		{4352FE76-A83D-46D9-934D-0776340A4444}.Debug|x86.ActiveCfg = Debug|Any CPU
		{4352FE76-A83D-46D9-934D-0776340A4444}.Debug|x86.Build.0 = Debug|Any CPU
		{4352FE76-A83D-46D9-934D-0776340A4444}.Release|Any CPU.ActiveCfg = Release|Any CPU
		{4352FE76-A83D-46D9-934D-0776340A4444}.Release|Any CPU.Build.0 = Release|Any CPU
		{4352FE76-A83D-46D9-934D-0776340A4444}.Release|x64.ActiveCfg = Release|Any CPU
		{4352FE76-A83D-46D9-934D-0776340A4444}.Release|x64.Build.0 = Release|Any CPU
		{4352FE76-A83D-46D9-934D-0776340A4444}.Release|x86.ActiveCfg = Release|Any CPU
		{4352FE76-A83D-46D9-934D-0776340A4444}.Release|x86.Build.0 = Release|Any CPU
		{2BF7A318-2380-4492-A7A8-00D346473EF0}.Debug|Any CPU.ActiveCfg = Debug|Any CPU
		{2BF7A318-2380-4492-A7A8-00D346473EF0}.Debug|Any CPU.Build.0 = Debug|Any CPU
		{2BF7A318-2380-4492-A7A8-00D346473EF0}.Debug|x64.ActiveCfg = Debug|Any CPU
		{2BF7A318-2380-4492-A7A8-00D346473EF0}.Debug|x64.Build.0 = Debug|Any CPU
		{2BF7A318-2380-4492-A7A8-00D346473EF0}.Debug|x86.ActiveCfg = Debug|Any CPU
		{2BF7A318-2380-4492-A7A8-00D346473EF0}.Debug|x86.Build.0 = Debug|Any CPU
		{2BF7A318-2380-4492-A7A8-00D346473EF0}.Release|Any CPU.ActiveCfg = Release|Any CPU
		{2BF7A318-2380-4492-A7A8-00D346473EF0}.Release|Any CPU.Build.0 = Release|Any CPU
		{2BF7A318-2380-4492-A7A8-00D346473EF0}.Release|x64.ActiveCfg = Release|Any CPU
		{2BF7A318-2380-4492-A7A8-00D346473EF0}.Release|x64.Build.0 = Release|Any CPU
		{2BF7A318-2380-4492-A7A8-00D346473EF0}.Release|x86.ActiveCfg = Release|Any CPU
		{2BF7A318-2380-4492-A7A8-00D346473EF0}.Release|x86.Build.0 = Release|Any CPU
	EndGlobalSection
	GlobalSection(SolutionProperties) = preSolution
		HideSolutionNode = FALSE
	EndGlobalSection
EndGlobal
